
Microsoft Visual Studio Solution File, Format Version 12.00
# Visual Studio Version 16
VisualStudioVersion = 16.0.30907.101
MinimumVisualStudioVersion = 10.0.40219.1
Project("{FAE04EC0-301F-11D3-BF4B-00C04F79EFBC}") = "na obratno", "na obratno\na obratno.csproj", "{750AAE47-633E-4794-A6B9-00E195BCA32D}"
EndProject
Global
	GlobalSection(SolutionConfigurationPlatforms) = preSolution
		Debug|Any CPU = Debug|Any CPU
		Release|Any CPU = Release|Any CPU
	EndGlobalSection
	GlobalSection(ProjectConfigurationPlatforms) = postSolution
		{750AAE47-633E-4794-A6B9-00E195BCA32D}.Debug|Any CPU.ActiveCfg = Debug|Any CPU
		{750AAE47-633E-4794-A6B9-00E195BCA32D}.Debug|Any CPU.Build.0 = Debug|Any CPU
		{750AAE47-633E-4794-A6B9-00E195BCA32D}.Release|Any CPU.ActiveCfg = Release|Any CPU
		{750AAE47-633E-4794-A6B9-00E195BCA32D}.Release|Any CPU.Build.0 = Release|Any CPU
	EndGlobalSection
	GlobalSection(SolutionProperties) = preSolution
		HideSolutionNode = FALSE
	EndGlobalSection
	GlobalSection(ExtensibilityGlobals) = postSolution
		SolutionGuid = {A37FDFFC-A671-43AF-A4D9-ABE223618E19}
	EndGlobalSection
EndGlobal
